{
  "name": "mrdecisionse_bot",
  "version": "0.0.1",
  "lockfileVersion": 1,
  "requires": true,
  "dependencies": {
    "@types/node": {
      "version": "9.6.18",
      "resolved": "https://registry.npmjs.org/@types/node/-/node-9.6.18.tgz",
      "integrity": "sha512-lywCnJQRSsu0kitHQ5nkb7Ay/ScdJPQjhWRtuf+G1DmNKJnPcdVyP0pYvdiDFKjzReC6NLWLgSyimno3kKfIig=="
    },
    "async": {
      "version": "1.0.0",
      "resolved": "https://registry.npmjs.org/async/-/async-1.0.0.tgz",
      "integrity": "sha1-+PwEyjoTeErenhZBr5hXjPvWR6k="
    },
    "colors": {
      "version": "1.0.3",
      "resolved": "https://registry.npmjs.org/colors/-/colors-1.0.3.tgz",
      "integrity": "sha1-BDP0TYCWgP3rYO0mDxsMJi6CpAs="
    },
    "cycle": {
      "version": "1.0.3",
      "resolved": "https://registry.npmjs.org/cycle/-/cycle-1.0.3.tgz",
      "integrity": "sha1-IegLK+hYD5i0aPN5QwZisEbDStI="
    },
    "debug": {
      "version": "3.1.0",
      "resolved": "https://registry.npmjs.org/debug/-/debug-3.1.0.tgz",
      "integrity": "sha512-OX8XqP7/1a9cqkxYw2yXss15f26NKWBpDXQd0/uK/KPqdQhxbPa994hnzjcE2VqQpDslf55723cKPUOGSmMY3g==",
      "requires": {
        "ms": "2.0.0"
      }
    },
    "eyes": {
      "version": "0.1.8",
      "resolved": "https://registry.npmjs.org/eyes/-/eyes-0.1.8.tgz",
      "integrity": "sha1-Ys8SAjTGg3hdkCNIqADvPgzCC8A="
    },
    "fecha": {
      "version": "2.3.3",
      "resolved": "https://registry.npmjs.org/fecha/-/fecha-2.3.3.tgz",
      "integrity": "sha512-lUGBnIamTAwk4znq5BcqsDaxSmZ9nDVJaij6NvRt/Tg4R69gERA+otPKbS86ROw9nxVMw2/mp1fnaiWqbs6Sdg=="
    },
    "file-stream-rotator": {
      "version": "0.2.1",
      "resolved": "https://registry.npmjs.org/file-stream-rotator/-/file-stream-rotator-0.2.1.tgz",
      "integrity": "sha1-DW/qGpp6uiWofP0xtuJp5E6PCvI=",
      "requires": {
        "moment": "2.22.1"
      }
    },
    "isstream": {
      "version": "0.1.2",
      "resolved": "https://registry.npmjs.org/isstream/-/isstream-0.1.2.tgz",
      "integrity": "sha1-R+Y/evVa+m+S4VAOaQ64uFKcCZo="
    },
    "logform": {
      "version": "1.6.0",
      "resolved": "https://registry.npmjs.org/logform/-/logform-1.6.0.tgz",
      "integrity": "sha512-mW+96uQYDbZDInnO/iby9v3MG19Ei5LYuRGc/iCF2L8KmYveGhvVWQewHOsG/eBBukTUVRv83P4mQQEbqvKC4Q==",
      "requires": {
        "colors": "1.2.5",
        "fecha": "2.3.3",
        "ms": "2.1.1",
        "triple-beam": "1.2.0"
      },
      "dependencies": {
        "colors": {
          "version": "1.2.5",
          "resolved": "https://registry.npmjs.org/colors/-/colors-1.2.5.tgz",
          "integrity": "sha512-erNRLao/Y3Fv54qUa0LBB+//Uf3YwMUmdJinN20yMXm9zdKKqH9wt7R9IIVZ+K7ShzfpLV/Zg8+VyrBJYB4lpg=="
        },
        "ms": {
          "version": "2.1.1",
          "resolved": "https://registry.npmjs.org/ms/-/ms-2.1.1.tgz",
          "integrity": "sha512-tgp+dl5cGk28utYktBsrFqA7HKgrhgPsg6Z/EfhWI4gl1Hwq8B/GmY/0oXZ6nF8hDVesS/FpnYaD/kOWhYQvyg=="
        }
      }
    },
    "moment": {
      "version": "2.22.1",
      "resolved": "https://registry.npmjs.org/moment/-/moment-2.22.1.tgz",
      "integrity": "sha512-shJkRTSebXvsVqk56I+lkb2latjBs8I+pc2TzWc545y2iFnSjm7Wg0QMh+ZWcdSLQyGEau5jI8ocnmkyTgr9YQ=="
    },
    "ms": {
      "version": "2.0.0",
      "resolved": "https://registry.npmjs.org/ms/-/ms-2.0.0.tgz",
      "integrity": "sha1-VgiurfwAvmwpAd9fmGF4jeDVl8g="
    },
    "node-fetch": {
      "version": "2.1.2",
      "resolved": "https://registry.npmjs.org/node-fetch/-/node-fetch-2.1.2.tgz",
      "integrity": "sha1-q4hOjn5X44qUR1POxwb3iNF2i7U="
    },
    "sandwich-stream": {
      "version": "1.0.0",
      "resolved": "https://registry.npmjs.org/sandwich-stream/-/sandwich-stream-1.0.0.tgz",
      "integrity": "sha1-eDDkV5e1kzKH8fmyj4cZB0ViYvI="
    },
    "semver": {
      "version": "5.5.0",
      "resolved": "https://registry.npmjs.org/semver/-/semver-5.5.0.tgz",
      "integrity": "sha512-4SJ3dm0WAwWy/NVeioZh5AntkdJoWKxHxcmyP622fOkgHa4z3R0TdBJICINyaSDE6uNwVc8gZr+ZinwZAH4xIA=="
    },
    "stack-trace": {
      "version": "0.0.10",
      "resolved": "https://registry.npmjs.org/stack-trace/-/stack-trace-0.0.10.tgz",
      "integrity": "sha1-VHxws0fo0ytOEI6hoqFZ5f3eGcA="
    },
    "telegraf": {
      "version": "3.21.1",
      "resolved": "https://registry.npmjs.org/telegraf/-/telegraf-3.21.1.tgz",
      "integrity": "sha512-4NgICjuf+eVSNNcXf4nUzRasjK8wLwwDpN4AEpwsNy794drbAjH6NLoCVKaxyu+Z51hGlwK1UghMI+mA26ggJA==",
      "requires": {
        "@types/node": "9.6.18",
        "debug": "3.1.0",
        "node-fetch": "2.1.2",
        "sandwich-stream": "1.0.0",
        "telegram-typings": "3.6.1",
        "typescript": "2.8.3"
      }
    },
    "telegram-typings": {
      "version": "3.6.1",
      "resolved": "https://registry.npmjs.org/telegram-typings/-/telegram-typings-3.6.1.tgz",
      "integrity": "sha512-njVv1EAhIZnmQVLocZEADYUyqA1WIXuVcDYlsp+mXua/XB0pxx+PKtMSPeZ/EE4wPWTw9h/hA9ASTT6yQelkiw=="
    },
    "triple-beam": {
      "version": "1.2.0",
      "resolved": "https://registry.npmjs.org/triple-beam/-/triple-beam-1.2.0.tgz",
      "integrity": "sha512-nw1CkXiwTt0sdF0i+MRTvslFK7pme9sPGY1MjuZV14HB/pLL3Srw9LsphR1Qo0SYDPMFetpcY/bA3DjPA+R+1g=="
    },
    "typescript": {
      "version": "2.8.3",
      "resolved": "https://registry.npmjs.org/typescript/-/typescript-2.8.3.tgz",
      "integrity": "sha512-K7g15Bb6Ra4lKf7Iq2l/I5/En+hLIHmxWZGq3D4DIRNFxMNV6j2SHSvDOqs2tGd4UvD/fJvrwopzQXjLrT7Itw=="
    },
    "winston": {
      "version": "2.4.2",
      "resolved": "https://registry.npmjs.org/winston/-/winston-2.4.2.tgz",
      "integrity": "sha512-4S/Ad4ZfSNl8OccCLxnJmNISWcm2joa6Q0YGDxlxMzH0fgSwWsjMt+SmlNwCqdpaPg3ev1HKkMBsIiXeSUwpbA==",
      "requires": {
        "async": "1.0.0",
        "colors": "1.0.3",
        "cycle": "1.0.3",
        "eyes": "0.1.8",
        "isstream": "0.1.2",
        "stack-trace": "0.0.10"
      }
    },
    "winston-compat": {
      "version": "0.1.3",
      "resolved": "https://registry.npmjs.org/winston-compat/-/winston-compat-0.1.3.tgz",
      "integrity": "sha512-Lwyy1tTXEB7b14+qpik0YX9d6c3ErGAvdh7eNY0WM/R4oGDdqdgTluLt6BYCMHa8RGXUa/mm8gL2jgK/uhhnRg==",
      "requires": {
        "cycle": "1.0.3",
        "logform": "1.6.0",
        "triple-beam": "1.2.0"
      }
    },
    "winston-daily-rotate-file": {
      "version": "3.1.4",
      "resolved": "https://registry.npmjs.org/winston-daily-rotate-file/-/winston-daily-rotate-file-3.1.4.tgz",
      "integrity": "sha512-d38DIAPei7VYBn/0YFoC2V66N8DzNUVmQe6o6+kUxLWfCNRcrg5xHvnXe4MaFE2TSPaMiSC7/Iu7UZaV3D2Wbw==",
      "requires": {
        "file-stream-rotator": "0.2.1",
        "semver": "5.5.0",
        "triple-beam": "1.2.0",
        "winston-compat": "0.1.3"
      }
    }
  }
}
